
Microsoft Visual Studio Solution File, Format Version 12.00
# Visual Studio 15
VisualStudioVersion = 15.0.26124.0
MinimumVisualStudioVersion = 15.0.26124.0
Project("{2150E333-8FDC-42A3-9474-1A3956D46DE8}") = "src", "src", "{109F9C7A-D9A7-4671-AB22-B64D34B83B84}"
EndProject
Project("{FAE04EC0-301F-11D3-BF4B-00C04F79EFBC}") = "kvstore", "src\kvstore\kvstore.csproj", "{9655BD00-D8C2-4183-A820-B7A3E622CEBF}"
EndProject
Project("{FAE04EC0-301F-11D3-BF4B-00C04F79EFBC}") = "serviceB", "src\serviceB\serviceB.csproj", "{E9399BCB-9D21-4448-8F13-26C702B9326E}"
EndProject
Project("{FAE04EC0-301F-11D3-BF4B-00C04F79EFBC}") = "serviceA", "src\serviceA\serviceA.csproj", "{E8F9F49C-F447-4907-8F4F-509F87CCD3F8}"
EndProject
Project("{2150E333-8FDC-42A3-9474-1A3956D46DE8}") = "test", "test", "{9EB3319F-7602-471B-9DF1-B01C034DE4D6}"
EndProject
Project("{FAE04EC0-301F-11D3-BF4B-00C04F79EFBC}") = "kvstore.tests", "test\kvstore.tests\kvstore.tests.csproj", "{89C30034-356C-4015-BEF7-E60C0B0DB74C}"
EndProject
Project("{FAE04EC0-301F-11D3-BF4B-00C04F79EFBC}") = "serviceA.tests", "test\serviceA.tests\serviceA.tests.csproj", "{BA49CA9C-9701-451A-8AB5-35293E4AE181}"
EndProject
Project("{FAE04EC0-301F-11D3-BF4B-00C04F79EFBC}") = "serviceB.tests", "test\serviceB.tests\serviceB.tests.csproj", "{BE6C085E-41A0-4C75-9A12-A96846DA5386}"
EndProject
Global
	GlobalSection(SolutionConfigurationPlatforms) = preSolution
		Debug|Any CPU = Debug|Any CPU
		Debug|x64 = Debug|x64
		Debug|x86 = Debug|x86
		Release|Any CPU = Release|Any CPU
		Release|x64 = Release|x64
		Release|x86 = Release|x86
	EndGlobalSection
	GlobalSection(SolutionProperties) = preSolution
		HideSolutionNode = FALSE
	EndGlobalSection
	GlobalSection(ProjectConfigurationPlatforms) = postSolution
		{9655BD00-D8C2-4183-A820-B7A3E622CEBF}.Debug|Any CPU.ActiveCfg = Debug|Any CPU
		{9655BD00-D8C2-4183-A820-B7A3E622CEBF}.Debug|Any CPU.Build.0 = Debug|Any CPU
		{9655BD00-D8C2-4183-A820-B7A3E622CEBF}.Debug|x64.ActiveCfg = Debug|Any CPU
		{9655BD00-D8C2-4183-A820-B7A3E622CEBF}.Debug|x64.Build.0 = Debug|Any CPU
		{9655BD00-D8C2-4183-A820-B7A3E622CEBF}.Debug|x86.ActiveCfg = Debug|Any CPU
		{9655BD00-D8C2-4183-A820-B7A3E622CEBF}.Debug|x86.Build.0 = Debug|Any CPU
		{9655BD00-D8C2-4183-A820-B7A3E622CEBF}.Release|Any CPU.ActiveCfg = Release|Any CPU
		{9655BD00-D8C2-4183-A820-B7A3E622CEBF}.Release|Any CPU.Build.0 = Release|Any CPU
		{9655BD00-D8C2-4183-A820-B7A3E622CEBF}.Release|x64.ActiveCfg = Release|Any CPU
		{9655BD00-D8C2-4183-A820-B7A3E622CEBF}.Release|x64.Build.0 = Release|Any CPU
		{9655BD00-D8C2-4183-A820-B7A3E622CEBF}.Release|x86.ActiveCfg = Release|Any CPU
		{9655BD00-D8C2-4183-A820-B7A3E622CEBF}.Release|x86.Build.0 = Release|Any CPU
		{E9399BCB-9D21-4448-8F13-26C702B9326E}.Debug|Any CPU.ActiveCfg = Debug|Any CPU
		{E9399BCB-9D21-4448-8F13-26C702B9326E}.Debug|Any CPU.Build.0 = Debug|Any CPU
		{E9399BCB-9D21-4448-8F13-26C702B9326E}.Debug|x64.ActiveCfg = Debug|Any CPU
		{E9399BCB-9D21-4448-8F13-26C702B9326E}.Debug|x64.Build.0 = Debug|Any CPU
		{E9399BCB-9D21-4448-8F13-26C702B9326E}.Debug|x86.ActiveCfg = Debug|Any CPU
		{E9399BCB-9D21-4448-8F13-26C702B9326E}.Debug|x86.Build.0 = Debug|Any CPU
		{E9399BCB-9D21-4448-8F13-26C702B9326E}.Release|Any CPU.ActiveCfg = Release|Any CPU
		{E9399BCB-9D21-4448-8F13-26C702B9326E}.Release|Any CPU.Build.0 = Release|Any CPU
		{E9399BCB-9D21-4448-8F13-26C702B9326E}.Release|x64.ActiveCfg = Release|Any CPU
		{E9399BCB-9D21-4448-8F13-26C702B9326E}.Release|x64.Build.0 = Release|Any CPU
		{E9399BCB-9D21-4448-8F13-26C702B9326E}.Release|x86.ActiveCfg = Release|Any CPU
		{E9399BCB-9D21-4448-8F13-26C702B9326E}.Release|x86.Build.0 = Release|Any CPU
		{E8F9F49C-F447-4907-8F4F-509F87CCD3F8}.Debug|Any CPU.ActiveCfg = Debug|Any CPU
		{E8F9F49C-F447-4907-8F4F-509F87CCD3F8}.Debug|Any CPU.Build.0 = Debug|Any CPU
		{E8F9F49C-F447-4907-8F4F-509F87CCD3F8}.Debug|x64.ActiveCfg = Debug|Any CPU
		{E8F9F49C-F447-4907-8F4F-509F87CCD3F8}.Debug|x64.Build.0 = Debug|Any CPU
		{E8F9F49C-F447-4907-8F4F-509F87CCD3F8}.Debug|x86.ActiveCfg = Debug|Any CPU
		{E8F9F49C-F447-4907-8F4F-509F87CCD3F8}.Debug|x86.Build.0 = Debug|Any CPU
		{E8F9F49C-F447-4907-8F4F-509F87CCD3F8}.Release|Any CPU.ActiveCfg = Release|Any CPU
		{E8F9F49C-F447-4907-8F4F-509F87CCD3F8}.Release|Any CPU.Build.0 = Release|Any CPU
		{E8F9F49C-F447-4907-8F4F-509F87CCD3F8}.Release|x64.ActiveCfg = Release|Any CPU
		{E8F9F49C-F447-4907-8F4F-509F87CCD3F8}.Release|x64.Build.0 = Release|Any CPU
		{E8F9F49C-F447-4907-8F4F-509F87CCD3F8}.Release|x86.ActiveCfg = Release|Any CPU
		{E8F9F49C-F447-4907-8F4F-509F87CCD3F8}.Release|x86.Build.0 = Release|Any CPU
		{89C30034-356C-4015-BEF7-E60C0B0DB74C}.Debug|Any CPU.ActiveCfg = Debug|Any CPU
		{89C30034-356C-4015-BEF7-E60C0B0DB74C}.Debug|Any CPU.Build.0 = Debug|Any CPU
		{89C30034-356C-4015-BEF7-E60C0B0DB74C}.Debug|x64.ActiveCfg = Debug|Any CPU
		{89C30034-356C-4015-BEF7-E60C0B0DB74C}.Debug|x64.Build.0 = Debug|Any CPU
		{89C30034-356C-4015-BEF7-E60C0B0DB74C}.Debug|x86.ActiveCfg = Debug|Any CPU
		{89C30034-356C-4015-BEF7-E60C0B0DB74C}.Debug|x86.Build.0 = Debug|Any CPU
		{89C30034-356C-4015-BEF7-E60C0B0DB74C}.Release|Any CPU.ActiveCfg = Release|Any CPU
		{89C30034-356C-4015-BEF7-E60C0B0DB74C}.Release|Any CPU.Build.0 = Release|Any CPU
		{89C30034-356C-4015-BEF7-E60C0B0DB74C}.Release|x64.ActiveCfg = Release|Any CPU
		{89C30034-356C-4015-BEF7-E60C0B0DB74C}.Release|x64.Build.0 = Release|Any CPU
		{89C30034-356C-4015-BEF7-E60C0B0DB74C}.Release|x86.ActiveCfg = Release|Any CPU
		{89C30034-356C-4015-BEF7-E60C0B0DB74C}.Release|x86.Build.0 = Release|Any CPU
		{BA49CA9C-9701-451A-8AB5-35293E4AE181}.Debug|Any CPU.ActiveCfg = Debug|Any CPU
		{BA49CA9C-9701-451A-8AB5-35293E4AE181}.Debug|Any CPU.Build.0 = Debug|Any CPU
		{BA49CA9C-9701-451A-8AB5-35293E4AE181}.Debug|x64.ActiveCfg = Debug|Any CPU
		{BA49CA9C-9701-451A-8AB5-35293E4AE181}.Debug|x64.Build.0 = Debug|Any CPU
		{BA49CA9C-9701-451A-8AB5-35293E4AE181}.Debug|x86.ActiveCfg = Debug|Any CPU
		{BA49CA9C-9701-451A-8AB5-35293E4AE181}.Debug|x86.Build.0 = Debug|Any CPU
		{BA49CA9C-9701-451A-8AB5-35293E4AE181}.Release|Any CPU.ActiveCfg = Release|Any CPU
		{BA49CA9C-9701-451A-8AB5-35293E4AE181}.Release|Any CPU.Build.0 = Release|Any CPU
		{BA49CA9C-9701-451A-8AB5-35293E4AE181}.Release|x64.ActiveCfg = Release|Any CPU
		{BA49CA9C-9701-451A-8AB5-35293E4AE181}.Release|x64.Build.0 = Release|Any CPU
		{BA49CA9C-9701-451A-8AB5-35293E4AE181}.Release|x86.ActiveCfg = Release|Any CPU
		{BA49CA9C-9701-451A-8AB5-35293E4AE181}.Release|x86.Build.0 = Release|Any CPU
		{BE6C085E-41A0-4C75-9A12-A96846DA5386}.Debug|Any CPU.ActiveCfg = Debug|Any CPU
		{BE6C085E-41A0-4C75-9A12-A96846DA5386}.Debug|Any CPU.Build.0 = Debug|Any CPU
		{BE6C085E-41A0-4C75-9A12-A96846DA5386}.Debug|x64.ActiveCfg = Debug|Any CPU
		{BE6C085E-41A0-4C75-9A12-A96846DA5386}.Debug|x64.Build.0 = Debug|Any CPU
		{BE6C085E-41A0-4C75-9A12-A96846DA5386}.Debug|x86.ActiveCfg = Debug|Any CPU
		{BE6C085E-41A0-4C75-9A12-A96846DA5386}.Debug|x86.Build.0 = Debug|Any CPU
		{BE6C085E-41A0-4C75-9A12-A96846DA5386}.Release|Any CPU.ActiveCfg = Release|Any CPU
		{BE6C085E-41A0-4C75-9A12-A96846DA5386}.Release|Any CPU.Build.0 = Release|Any CPU
		{BE6C085E-41A0-4C75-9A12-A96846DA5386}.Release|x64.ActiveCfg = Release|Any CPU
		{BE6C085E-41A0-4C75-9A12-A96846DA5386}.Release|x64.Build.0 = Release|Any CPU
		{BE6C085E-41A0-4C75-9A12-A96846DA5386}.Release|x86.ActiveCfg = Release|Any CPU
		{BE6C085E-41A0-4C75-9A12-A96846DA5386}.Release|x86.Build.0 = Release|Any CPU
	EndGlobalSection
	GlobalSection(NestedProjects) = preSolution
		{9655BD00-D8C2-4183-A820-B7A3E622CEBF} = {109F9C7A-D9A7-4671-AB22-B64D34B83B84}
		{E9399BCB-9D21-4448-8F13-26C702B9326E} = {109F9C7A-D9A7-4671-AB22-B64D34B83B84}
		{E8F9F49C-F447-4907-8F4F-509F87CCD3F8} = {109F9C7A-D9A7-4671-AB22-B64D34B83B84}
		{89C30034-356C-4015-BEF7-E60C0B0DB74C} = {9EB3319F-7602-471B-9DF1-B01C034DE4D6}
		{BA49CA9C-9701-451A-8AB5-35293E4AE181} = {9EB3319F-7602-471B-9DF1-B01C034DE4D6}
		{BE6C085E-41A0-4C75-9A12-A96846DA5386} = {9EB3319F-7602-471B-9DF1-B01C034DE4D6}
	EndGlobalSection
EndGlobal
